[[dependencies]]
name = "BoringSolidity"
version = "1.0.0"
source = "https://github.com/Abracadabra-money/BoringSolidity.git"
checksum = "16e10d3faa1a5eda32668619b6c560e925d85255"

[[dependencies]]
name = "ExcessivelySafeCall"
version = "0.0.1"
source = "https://github.com/nomad-xyz/ExcessivelySafeCall.git"
checksum = "5982c8ea02b84988220de7343e43ebb801069d08"

[[dependencies]]
name = "abracadabra-oftv2"
version = "0.0.1"
source = "https://github.com/Abracadabra-money/abracadabra-oftv2-contracts.git"
checksum = "4b56ba05cf081bfb1796d1a68fcfe6cf5997551f"

[[dependencies]]
name = "forge-std"
version = "1.9.2"
source = "https://github.com/foundry-rs/forge-std.git"
checksum = "58d30519826c313ce47345abedfdc07679e944d1"

[[dependencies]]
name = "fuzzlib"
version = "0.0.1"
source = "https://github.com/perimetersec/fuzzlib.git"
checksum = "c63837c6b716c0813f1a22ca287f0f24f6479e77"

[[dependencies]]
name = "halmos-cheatcodes"
version = "3ca0e11"
source = "https://github.com/a16z/halmos-cheatcodes.git"
checksum = "3ca0e11cf6ea5b3f73997a44932ab9c048c5ed57"

[[dependencies]]
name = "openzeppelin-contracts"
version = "5.0.2"
source = "https://github.com/OpenZeppelin/openzeppelin-contracts.git"
checksum = "dbb6104ce834628e473d2173bbc9d47f81a9eec3"

[[dependencies]]
name = "openzeppelin-contracts-upgradeable"
version = "5.0.2"
source = "https://github.com/OpenZeppelin/openzeppelin-contracts-upgradeable.git"
checksum = "723f8cab09cdae1aca9ec9cc1cfa040c2d4b06c1"

[[dependencies]]
name = "safe-contracts"
version = "1.3.0"
source = "https://github.com/safe-global/safe-smart-account.git"
checksum = "186a21a74b327f17fc41217a927dea7064f74604"

[[dependencies]]
name = "solady"
version = "0.0.231"
source = "https://github.com/Vectorized/solady.git"
checksum = "2907b5036b9b3489891e69b49adba24c793940d4"

[[dependencies]]
name = "solmate"
version = "6.2.0"
source = "https://github.com/transmissions11/solmate.git"
checksum = "97bdb2003b70382996a79a406813f76417b1cf90"
