[[dependencies]]
name = "BoringSolidity"
version = "1.0.0"
git = "https://github.com/Abracadabra-money/BoringSolidity.git"
rev = "16e10d3faa1a5eda32668619b6c560e925d85255"

[[dependencies]]
name = "ExcessivelySafeCall"
version = "0.0.1"
git = "https://github.com/nomad-xyz/ExcessivelySafeCall.git"
rev = "5982c8ea02b84988220de7343e43ebb801069d08"

[[dependencies]]
name = "abracadabra-oft-v1"
version = "0.0.1"
git = "https://github.com/Abracadabra-money/abracadabra-oft-v1.git"
rev = "a20f79661ea083d13e0df6000de6045ff167e142"

[[dependencies]]
name = "forge-std"
version = "1.9.5"
git = "https://github.com/foundry-rs/forge-std.git"
rev = "b93cf4bc34ff214c099dc970b153f85ade8c9f66"

[[dependencies]]
name = "fuzzlib"
version = "0.0.1"
git = "https://github.com/perimetersec/fuzzlib.git"
rev = "c63837c6b716c0813f1a22ca287f0f24f6479e77"

[[dependencies]]
name = "halmos-cheatcodes"
version = "7328abe"
git = "https://github.com/a16z/halmos-cheatcodes.git"
rev = "7328abe100445fc53885c21d0e713b95293cf14c"

[[dependencies]]
name = "openzeppelin-contracts"
version = "5.0.2"
git = "https://github.com/OpenZeppelin/openzeppelin-contracts.git"
rev = "dbb6104ce834628e473d2173bbc9d47f81a9eec3"

[[dependencies]]
name = "openzeppelin-contracts-upgradeable"
version = "5.0.2"
git = "https://github.com/OpenZeppelin/openzeppelin-contracts-upgradeable.git"
rev = "723f8cab09cdae1aca9ec9cc1cfa040c2d4b06c1"

[[dependencies]]
name = "safe-contracts"
version = "1.3.0"
git = "https://github.com/safe-global/safe-smart-account.git"
rev = "186a21a74b327f17fc41217a927dea7064f74604"

[[dependencies]]
name = "solady"
version = "0.0.281"
git = "https://github.com/Vectorized/solady.git"
rev = "513f581675374706dbe947284d6b12d19ce35a2a"

[[dependencies]]
name = "solmate"
version = "6.2.0"
git = "https://github.com/transmissions11/solmate.git"
rev = "97bdb2003b70382996a79a406813f76417b1cf90"
